github.com/Ulbora/ApiGatewayAdminPortal v1.0.0 h1:WuzKVVfpJKthdZUxUY4T+JP/SqpjuHNiKV8xiFVjOVM=
github.com/Ulbora/ApiGatewayAdminPortal v1.0.0/go.mod h1:wV6n7B3uJC404u64vPCbDK8uJP/RZZZQcVDaDwtXmhc=
github.com/Ulbora/GoProxy v1.0.1 h1:7gFPaJdXDV3tFDSWYxpQx7SQmNKcZPrv4SMwxa+vFhA=
github.com/Ulbora/GoProxy v1.0.1/go.mod h1:8qICy+U1tSywRYoy9RdP+Zm6G2nN2K1YcvMupVlkIYI=
github.com/Ulbora/Level_Logger v1.0.2 h1:uhuNi1oSQ1zSDhuYQS7NEHqtR4lAYPGyW2XGwJZtxmk=
github.com/Ulbora/Level_Logger v1.0.2/go.mod h1:epRidhkOBJSzCCon816WfFCO9vtai8VCmdI8S/xcTbA=
github.com/Ulbora/go-better-sessions v0.0.0-20171017015311-d7a36cf12dd2/go.mod h1:0OsRfzATkpDdFO5iT1gVeMER/An3eqbDBOs0btiTJ3k=
github.com/Ulbora/go-oauth2-client v0.0.0-20180127225028-4fedc5ebe0ec h1:0LpdP0anMqbDlku26HW6zQRPVp0mY9EFu/A262EkQ0A=
github.com/Ulbora/go-oauth2-client v0.0.0-20180127225028-4fedc5ebe0ec/go.mod h1:VEOVjsy+8LYqPwaX0sAtI9AMICysevZPMFPRxZdNOd8=
github.com/Ulbora/go-oauth2-client v1.0.1 h1:wfJNZtro7iEO7vocmVYXR79c5H/2J+J306/9GN1N4Lw=
github.com/Ulbora/go-oauth2-client v1.0.1/go.mod h1:lOJvv/6v9HVYO3Lz+ufcjZ0erMvTyTNsqo8cmEzFrjQ=
github.com/Ulbora/go-oauth2-client v1.0.2 h1:+71Vgof2hT6w0kgwMROk6kt6C3ueQBsU9ehRXpqH1Sk=
github.com/Ulbora/go-oauth2-client v1.0.2/go.mod h1:lOJvv/6v9HVYO3Lz+ufcjZ0erMvTyTNsqo8cmEzFrjQ=
github.com/Ulbora/go-sessions v1.0.2 h1:S399x4sW740hvO7n9qjrJM37sSo47KBAJ+7jiT0eiQ0=
github.com/Ulbora/go-sessions v1.0.2/go.mod h1:5CXZMqyt5XJDumnxoKqftZH/i3voi9k1UN47fuwxRLs=
github.com/dgrijalva/jwt-go v3.2.0+incompatible h1:7qlOGliEKZXTDg6OTjfoBKDXWrumCAMpl/TFQ4/5kLM=
github.com/dgrijalva/jwt-go v3.2.0+incompatible/go.mod h1:E3ru+11k8xSBh+hMPgOLZmtrrCbhqsmaPHjLKYnJCaQ=
github.com/gorilla/mux v1.7.3/go.mod h1:1lud6UwP+6orDFRuTfBEV8e9/aOM/c4fVVCaMa2zaAs=
github.com/gorilla/mux v1.7.4 h1:VuZ8uybHlWmqV03+zRzdwKL4tUnIp1MAQtp1mIFE1bc=
github.com/gorilla/mux v1.7.4/go.mod h1:DVbg23sWSpFRCP0SfiEN6jmj59UnW/n46BH5rLB71So=
github.com/gorilla/securecookie v1.1.1 h1:miw7JPhV+b/lAHSXz4qd/nN9jRiAFV5FwjeKyCS8BvQ=
github.com/gorilla/securecookie v1.1.1/go.mod h1:ra0sb63/xPlUeL+yeDciTfxMRAA+MP+HVt/4epWDjd4=
github.com/gorilla/sessions v1.2.0 h1:S7P+1Hm5V/AT9cjEcUD5uDaQSX0OE577aCXgoaKpYbQ=
github.com/gorilla/sessions v1.2.0/go.mod h1:dk2InVEVJ0sfLlnXv9EAgkf6ecYs/i80K/zI+bUmuGM=
